
Microsoft Visual Studio Solution File, Format Version 12.00
# Visual Studio Version 17
VisualStudioVersion = 17.0.31903.59
MinimumVisualStudioVersion = 10.0.40219.1
Project("{2150E333-8FDC-42A3-9474-1A3956D46DE8}") = "src", "src", "{827E0CD3-B72D-47B6-A68D-7590B98EB39B}"
EndProject
Project("{2150E333-8FDC-42A3-9474-1A3956D46DE8}") = "Domain", "Domain", "{8B290487-4C16-E85E-E807-F579CBE9FC4D}"
EndProject
Project("{FAE04EC0-301F-11D3-BF4B-00C04F79EFBC}") = "HasanHabibSeyda.Domain", "src\Domain\HasanHabibSeyda.Domain.csproj", "{100557F1-32CD-4726-8A67-5F18BC1E8BF4}"
EndProject
Project("{FAE04EC0-301F-11D3-BF4B-00C04F79EFBC}") = "HasanHabibSeyda.Application", "src\Application\HasanHabibSeyda.Application.csproj", "{70D5AE80-0F40-4C01-B574-0D60A262E86A}"
EndProject
Project("{FAE04EC0-301F-11D3-BF4B-00C04F79EFBC}") = "HasanHabibSeyda.Infrastructure", "src\Infrastructure\HasanHabibSeyda.Infrastructure.csproj", "{1FF244A7-F4EC-4475-89E4-18E49DB659FA}"
EndProject
Project("{FAE04EC0-301F-11D3-BF4B-00C04F79EFBC}") = "HasanHabibSeyda.Persistence", "src\Persistence\HasanHabibSeyda.Persistence.csproj", "{1D8FF9F5-6E32-4F38-B80E-959F9E363D96}"
EndProject
Project("{FAE04EC0-301F-11D3-BF4B-00C04F79EFBC}") = "HasanHabibSeyda.API", "src\API\HasanHabibSeyda.API.csproj", "{2AA1A649-5352-4D66-BAED-FC29286F73FE}"
EndProject
Global
	GlobalSection(SolutionConfigurationPlatforms) = preSolution
		Debug|Any CPU = Debug|Any CPU
		Debug|x64 = Debug|x64
		Debug|x86 = Debug|x86
		Release|Any CPU = Release|Any CPU
		Release|x64 = Release|x64
		Release|x86 = Release|x86
	EndGlobalSection
	GlobalSection(ProjectConfigurationPlatforms) = postSolution
		{100557F1-32CD-4726-8A67-5F18BC1E8BF4}.Debug|Any CPU.ActiveCfg = Debug|Any CPU
		{100557F1-32CD-4726-8A67-5F18BC1E8BF4}.Debug|Any CPU.Build.0 = Debug|Any CPU
		{100557F1-32CD-4726-8A67-5F18BC1E8BF4}.Debug|x64.ActiveCfg = Debug|Any CPU
		{100557F1-32CD-4726-8A67-5F18BC1E8BF4}.Debug|x64.Build.0 = Debug|Any CPU
		{100557F1-32CD-4726-8A67-5F18BC1E8BF4}.Debug|x86.ActiveCfg = Debug|Any CPU
		{100557F1-32CD-4726-8A67-5F18BC1E8BF4}.Debug|x86.Build.0 = Debug|Any CPU
		{100557F1-32CD-4726-8A67-5F18BC1E8BF4}.Release|Any CPU.ActiveCfg = Release|Any CPU
		{100557F1-32CD-4726-8A67-5F18BC1E8BF4}.Release|Any CPU.Build.0 = Release|Any CPU
		{100557F1-32CD-4726-8A67-5F18BC1E8BF4}.Release|x64.ActiveCfg = Release|Any CPU
		{100557F1-32CD-4726-8A67-5F18BC1E8BF4}.Release|x64.Build.0 = Release|Any CPU
		{100557F1-32CD-4726-8A67-5F18BC1E8BF4}.Release|x86.ActiveCfg = Release|Any CPU
		{100557F1-32CD-4726-8A67-5F18BC1E8BF4}.Release|x86.Build.0 = Release|Any CPU
		{70D5AE80-0F40-4C01-B574-0D60A262E86A}.Debug|Any CPU.ActiveCfg = Debug|Any CPU
		{70D5AE80-0F40-4C01-B574-0D60A262E86A}.Debug|Any CPU.Build.0 = Debug|Any CPU
		{70D5AE80-0F40-4C01-B574-0D60A262E86A}.Debug|x64.ActiveCfg = Debug|Any CPU
		{70D5AE80-0F40-4C01-B574-0D60A262E86A}.Debug|x64.Build.0 = Debug|Any CPU
		{70D5AE80-0F40-4C01-B574-0D60A262E86A}.Debug|x86.ActiveCfg = Debug|Any CPU
		{70D5AE80-0F40-4C01-B574-0D60A262E86A}.Debug|x86.Build.0 = Debug|Any CPU
		{70D5AE80-0F40-4C01-B574-0D60A262E86A}.Release|Any CPU.ActiveCfg = Release|Any CPU
		{70D5AE80-0F40-4C01-B574-0D60A262E86A}.Release|Any CPU.Build.0 = Release|Any CPU
		{70D5AE80-0F40-4C01-B574-0D60A262E86A}.Release|x64.ActiveCfg = Release|Any CPU
		{70D5AE80-0F40-4C01-B574-0D60A262E86A}.Release|x64.Build.0 = Release|Any CPU
		{70D5AE80-0F40-4C01-B574-0D60A262E86A}.Release|x86.ActiveCfg = Release|Any CPU
		{70D5AE80-0F40-4C01-B574-0D60A262E86A}.Release|x86.Build.0 = Release|Any CPU
		{1FF244A7-F4EC-4475-89E4-18E49DB659FA}.Debug|Any CPU.ActiveCfg = Debug|Any CPU
		{1FF244A7-F4EC-4475-89E4-18E49DB659FA}.Debug|Any CPU.Build.0 = Debug|Any CPU
		{1FF244A7-F4EC-4475-89E4-18E49DB659FA}.Debug|x64.ActiveCfg = Debug|Any CPU
		{1FF244A7-F4EC-4475-89E4-18E49DB659FA}.Debug|x64.Build.0 = Debug|Any CPU
		{1FF244A7-F4EC-4475-89E4-18E49DB659FA}.Debug|x86.ActiveCfg = Debug|Any CPU
		{1FF244A7-F4EC-4475-89E4-18E49DB659FA}.Debug|x86.Build.0 = Debug|Any CPU
		{1FF244A7-F4EC-4475-89E4-18E49DB659FA}.Release|Any CPU.ActiveCfg = Release|Any CPU
		{1FF244A7-F4EC-4475-89E4-18E49DB659FA}.Release|Any CPU.Build.0 = Release|Any CPU
		{1FF244A7-F4EC-4475-89E4-18E49DB659FA}.Release|x64.ActiveCfg = Release|Any CPU
		{1FF244A7-F4EC-4475-89E4-18E49DB659FA}.Release|x64.Build.0 = Release|Any CPU
		{1FF244A7-F4EC-4475-89E4-18E49DB659FA}.Release|x86.ActiveCfg = Release|Any CPU
		{1FF244A7-F4EC-4475-89E4-18E49DB659FA}.Release|x86.Build.0 = Release|Any CPU
		{1D8FF9F5-6E32-4F38-B80E-959F9E363D96}.Debug|Any CPU.ActiveCfg = Debug|Any CPU
		{1D8FF9F5-6E32-4F38-B80E-959F9E363D96}.Debug|Any CPU.Build.0 = Debug|Any CPU
		{1D8FF9F5-6E32-4F38-B80E-959F9E363D96}.Debug|x64.ActiveCfg = Debug|Any CPU
		{1D8FF9F5-6E32-4F38-B80E-959F9E363D96}.Debug|x64.Build.0 = Debug|Any CPU
		{1D8FF9F5-6E32-4F38-B80E-959F9E363D96}.Debug|x86.ActiveCfg = Debug|Any CPU
		{1D8FF9F5-6E32-4F38-B80E-959F9E363D96}.Debug|x86.Build.0 = Debug|Any CPU
		{1D8FF9F5-6E32-4F38-B80E-959F9E363D96}.Release|Any CPU.ActiveCfg = Release|Any CPU
		{1D8FF9F5-6E32-4F38-B80E-959F9E363D96}.Release|Any CPU.Build.0 = Release|Any CPU
		{1D8FF9F5-6E32-4F38-B80E-959F9E363D96}.Release|x64.ActiveCfg = Release|Any CPU
		{1D8FF9F5-6E32-4F38-B80E-959F9E363D96}.Release|x64.Build.0 = Release|Any CPU
		{1D8FF9F5-6E32-4F38-B80E-959F9E363D96}.Release|x86.ActiveCfg = Release|Any CPU
		{1D8FF9F5-6E32-4F38-B80E-959F9E363D96}.Release|x86.Build.0 = Release|Any CPU
		{2AA1A649-5352-4D66-BAED-FC29286F73FE}.Debug|Any CPU.ActiveCfg = Debug|Any CPU
		{2AA1A649-5352-4D66-BAED-FC29286F73FE}.Debug|Any CPU.Build.0 = Debug|Any CPU
		{2AA1A649-5352-4D66-BAED-FC29286F73FE}.Debug|x64.ActiveCfg = Debug|Any CPU
		{2AA1A649-5352-4D66-BAED-FC29286F73FE}.Debug|x64.Build.0 = Debug|Any CPU
		{2AA1A649-5352-4D66-BAED-FC29286F73FE}.Debug|x86.ActiveCfg = Debug|Any CPU
		{2AA1A649-5352-4D66-BAED-FC29286F73FE}.Debug|x86.Build.0 = Debug|Any CPU
		{2AA1A649-5352-4D66-BAED-FC29286F73FE}.Release|Any CPU.ActiveCfg = Release|Any CPU
		{2AA1A649-5352-4D66-BAED-FC29286F73FE}.Release|Any CPU.Build.0 = Release|Any CPU
		{2AA1A649-5352-4D66-BAED-FC29286F73FE}.Release|x64.ActiveCfg = Release|Any CPU
		{2AA1A649-5352-4D66-BAED-FC29286F73FE}.Release|x64.Build.0 = Release|Any CPU
		{2AA1A649-5352-4D66-BAED-FC29286F73FE}.Release|x86.ActiveCfg = Release|Any CPU
		{2AA1A649-5352-4D66-BAED-FC29286F73FE}.Release|x86.Build.0 = Release|Any CPU
	EndGlobalSection
	GlobalSection(SolutionProperties) = preSolution
		HideSolutionNode = FALSE
	EndGlobalSection
	GlobalSection(NestedProjects) = preSolution
		{8B290487-4C16-E85E-E807-F579CBE9FC4D} = {827E0CD3-B72D-47B6-A68D-7590B98EB39B}
		{100557F1-32CD-4726-8A67-5F18BC1E8BF4} = {8B290487-4C16-E85E-E807-F579CBE9FC4D}
		{70D5AE80-0F40-4C01-B574-0D60A262E86A} = {8B290487-4C16-E85E-E807-F579CBE9FC4D}
		{1FF244A7-F4EC-4475-89E4-18E49DB659FA} = {8B290487-4C16-E85E-E807-F579CBE9FC4D}
		{1D8FF9F5-6E32-4F38-B80E-959F9E363D96} = {8B290487-4C16-E85E-E807-F579CBE9FC4D}
		{2AA1A649-5352-4D66-BAED-FC29286F73FE} = {8B290487-4C16-E85E-E807-F579CBE9FC4D}
	EndGlobalSection
EndGlobal
